
Microsoft Visual Studio Solution File, Format Version 12.00
# Visual Studio 15
VisualStudioVersion = 15.0.28307.1169
MinimumVisualStudioVersion = 10.0.40219.1
Project("{FAE04EC0-301F-11D3-BF4B-00C04F79EFBC}") = "WebAPI", "WebAPI\WebAPI.csproj", "{0C12EFD0-AA32-4869-A63A-73473F87CD77}"
EndProject
Project("{FAE04EC0-301F-11D3-BF4B-00C04F79EFBC}") = "WebAPI.Tests", "WebAPI.Tests\WebAPI.Tests.csproj", "{71891BA1-BF5A-4B71-94E6-1196EB8892BA}"
EndProject
Global
	GlobalSection(SolutionConfigurationPlatforms) = preSolution
		Debug|Any CPU = Debug|Any CPU
		Release|Any CPU = Release|Any CPU
	EndGlobalSection
	GlobalSection(ProjectConfigurationPlatforms) = postSolution
		{0C12EFD0-AA32-4869-A63A-73473F87CD77}.Debug|Any CPU.ActiveCfg = Debug|Any CPU
		{0C12EFD0-AA32-4869-A63A-73473F87CD77}.Debug|Any CPU.Build.0 = Debug|Any CPU
		{0C12EFD0-AA32-4869-A63A-73473F87CD77}.Release|Any CPU.ActiveCfg = Release|Any CPU
		{0C12EFD0-AA32-4869-A63A-73473F87CD77}.Release|Any CPU.Build.0 = Release|Any CPU
		{71891BA1-BF5A-4B71-94E6-1196EB8892BA}.Debug|Any CPU.ActiveCfg = Debug|Any CPU
		{71891BA1-BF5A-4B71-94E6-1196EB8892BA}.Debug|Any CPU.Build.0 = Debug|Any CPU
		{71891BA1-BF5A-4B71-94E6-1196EB8892BA}.Release|Any CPU.ActiveCfg = Release|Any CPU
		{71891BA1-BF5A-4B71-94E6-1196EB8892BA}.Release|Any CPU.Build.0 = Release|Any CPU
	EndGlobalSection
	GlobalSection(SolutionProperties) = preSolution
		HideSolutionNode = FALSE
	EndGlobalSection
	GlobalSection(ExtensibilityGlobals) = postSolution
		SolutionGuid = {CCC48E25-2ADD-4665-B01C-BC83C1228721}
	EndGlobalSection
EndGlobal
